
Microsoft Visual Studio Solution File, Format Version 12.00
# Visual Studio Version 16
VisualStudioVersion = 16.0.31515.178
MinimumVisualStudioVersion = 10.0.40219.1
Project("{FAE04EC0-301F-11D3-BF4B-00C04F79EFBC}") = "EShop", "EShop\EShop.csproj", "{16B9C57F-4596-4485-B959-E392B79B35A2}"
EndProject
Global
	GlobalSection(SolutionConfigurationPlatforms) = preSolution
		Debug|Any CPU = Debug|Any CPU
		Release|Any CPU = Release|Any CPU
	EndGlobalSection
	GlobalSection(ProjectConfigurationPlatforms) = postSolution
		{16B9C57F-4596-4485-B959-E392B79B35A2}.Debug|Any CPU.ActiveCfg = Debug|Any CPU
		{16B9C57F-4596-4485-B959-E392B79B35A2}.Debug|Any CPU.Build.0 = Debug|Any CPU
		{16B9C57F-4596-4485-B959-E392B79B35A2}.Release|Any CPU.ActiveCfg = Release|Any CPU
		{16B9C57F-4596-4485-B959-E392B79B35A2}.Release|Any CPU.Build.0 = Release|Any CPU
	EndGlobalSection
	GlobalSection(SolutionProperties) = preSolution
		HideSolutionNode = FALSE
	EndGlobalSection
	GlobalSection(ExtensibilityGlobals) = postSolution
		SolutionGuid = {CF0CA5E6-94EA-4990-8668-F38D65153D56}
	EndGlobalSection
EndGlobal
